
Microsoft Visual Studio Solution File, Format Version 12.00
# Visual Studio 15
VisualStudioVersion = 15.0.28307.572
MinimumVisualStudioVersion = 10.0.40219.1
Project("{9A19103F-16F7-4668-BE54-9A1E7A4F7556}") = "HPAPI", "HPAPI\HPAPI.csproj", "{D46606F1-75E9-4FAD-9681-607772CD82E3}"
EndProject
Project("{9A19103F-16F7-4668-BE54-9A1E7A4F7556}") = "Entities", "Entities\Entities.csproj", "{EEC32A6D-F46C-49B7-85CC-EA0147FFBD14}"
EndProject
Project("{9A19103F-16F7-4668-BE54-9A1E7A4F7556}") = "Repository", "Repository\Repository.csproj", "{8B69EDC9-73C4-430A-86F6-6FA1B295D3B8}"
EndProject
Global
	GlobalSection(SolutionConfigurationPlatforms) = preSolution
		Debug|Any CPU = Debug|Any CPU
		Release|Any CPU = Release|Any CPU
	EndGlobalSection
	GlobalSection(ProjectConfigurationPlatforms) = postSolution
		{D46606F1-75E9-4FAD-9681-607772CD82E3}.Debug|Any CPU.ActiveCfg = Debug|Any CPU
		{D46606F1-75E9-4FAD-9681-607772CD82E3}.Debug|Any CPU.Build.0 = Debug|Any CPU
		{D46606F1-75E9-4FAD-9681-607772CD82E3}.Release|Any CPU.ActiveCfg = Release|Any CPU
		{D46606F1-75E9-4FAD-9681-607772CD82E3}.Release|Any CPU.Build.0 = Release|Any CPU
		{EEC32A6D-F46C-49B7-85CC-EA0147FFBD14}.Debug|Any CPU.ActiveCfg = Debug|Any CPU
		{EEC32A6D-F46C-49B7-85CC-EA0147FFBD14}.Debug|Any CPU.Build.0 = Debug|Any CPU
		{EEC32A6D-F46C-49B7-85CC-EA0147FFBD14}.Release|Any CPU.ActiveCfg = Release|Any CPU
		{EEC32A6D-F46C-49B7-85CC-EA0147FFBD14}.Release|Any CPU.Build.0 = Release|Any CPU
		{8B69EDC9-73C4-430A-86F6-6FA1B295D3B8}.Debug|Any CPU.ActiveCfg = Debug|Any CPU
		{8B69EDC9-73C4-430A-86F6-6FA1B295D3B8}.Debug|Any CPU.Build.0 = Debug|Any CPU
		{8B69EDC9-73C4-430A-86F6-6FA1B295D3B8}.Release|Any CPU.ActiveCfg = Release|Any CPU
		{8B69EDC9-73C4-430A-86F6-6FA1B295D3B8}.Release|Any CPU.Build.0 = Release|Any CPU
	EndGlobalSection
	GlobalSection(SolutionProperties) = preSolution
		HideSolutionNode = FALSE
	EndGlobalSection
	GlobalSection(ExtensibilityGlobals) = postSolution
		SolutionGuid = {1145CCC4-EE2D-47F4-8FBB-B349EA5A77C4}
	EndGlobalSection
EndGlobal
